
Microsoft Visual Studio Solution File, Format Version 12.00
# Visual Studio Version 16
VisualStudioVersion = 16.0.33130.400
MinimumVisualStudioVersion = 10.0.40219.1
Project("{FAE04EC0-301F-11D3-BF4B-00C04F79EFBC}") = "ProjectSE", "ProjectSE\ProjectSE.csproj", "{4EBF0660-9384-4093-B5E2-1C170F9A49B6}"
EndProject
Global
	GlobalSection(SolutionConfigurationPlatforms) = preSolution
		Debug|Any CPU = Debug|Any CPU
		Release|Any CPU = Release|Any CPU
	EndGlobalSection
	GlobalSection(ProjectConfigurationPlatforms) = postSolution
		{4EBF0660-9384-4093-B5E2-1C170F9A49B6}.Debug|Any CPU.ActiveCfg = Debug|Any CPU
		{4EBF0660-9384-4093-B5E2-1C170F9A49B6}.Debug|Any CPU.Build.0 = Debug|Any CPU
		{4EBF0660-9384-4093-B5E2-1C170F9A49B6}.Release|Any CPU.ActiveCfg = Release|Any CPU
		{4EBF0660-9384-4093-B5E2-1C170F9A49B6}.Release|Any CPU.Build.0 = Release|Any CPU
	EndGlobalSection
	GlobalSection(SolutionProperties) = preSolution
		HideSolutionNode = FALSE
	EndGlobalSection
	GlobalSection(ExtensibilityGlobals) = postSolution
		SolutionGuid = {8A22CEEB-3353-488A-AA78-C9911E2F8EB9}
	EndGlobalSection
EndGlobal
